
Microsoft Visual Studio Solution File, Format Version 12.00
# Visual Studio Version 17
VisualStudioVersion = 17.14.36221.1 d17.14
MinimumVisualStudioVersion = 10.0.40219.1
Project("{FAE04EC0-301F-11D3-BF4B-00C04F79EFBC}") = "TSysWatch", "TSysWatch.csproj", "{95204299-31DB-428D-BCA2-110F5F96F73F}"
EndProject
Global
	GlobalSection(SolutionConfigurationPlatforms) = preSolution
		Debug|Any CPU = Debug|Any CPU
		Release|Any CPU = Release|Any CPU
	EndGlobalSection
	GlobalSection(ProjectConfigurationPlatforms) = postSolution
		{95204299-31DB-428D-BCA2-110F5F96F73F}.Debug|Any CPU.ActiveCfg = Debug|Any CPU
		{95204299-31DB-428D-BCA2-110F5F96F73F}.Debug|Any CPU.Build.0 = Debug|Any CPU
		{95204299-31DB-428D-BCA2-110F5F96F73F}.Release|Any CPU.ActiveCfg = Release|Any CPU
		{95204299-31DB-428D-BCA2-110F5F96F73F}.Release|Any CPU.Build.0 = Release|Any CPU
	EndGlobalSection
	GlobalSection(SolutionProperties) = preSolution
		HideSolutionNode = FALSE
	EndGlobalSection
	GlobalSection(ExtensibilityGlobals) = postSolution
		SolutionGuid = {4B5F8F03-3FE5-446E-BC77-FB7C493DB8BF}
	EndGlobalSection
EndGlobal
